
Microsoft Visual Studio Solution File, Format Version 12.00
# Visual Studio Version 16
VisualStudioVersion = 16.0.32106.194
MinimumVisualStudioVersion = 10.0.40219.1
Project("{FAE04EC0-301F-11D3-BF4B-00C04F79EFBC}") = "RealStateApp.Core.Domain", "RealStateApp.Core.Domain\RealStateApp.Core.Domain.csproj", "{DE49E18E-FF1C-45AE-88D6-8D39F3DA985F}"
EndProject
Project("{2150E333-8FDC-42A3-9474-1A3956D46DE8}") = "Source", "Source", "{5CF3DA26-DD7E-4815-9875-8BFEAAE40CF2}"
EndProject
Project("{2150E333-8FDC-42A3-9474-1A3956D46DE8}") = "Core", "Core", "{CD0ED742-D178-4A78-A882-67582EEF9FA7}"
EndProject
Project("{FAE04EC0-301F-11D3-BF4B-00C04F79EFBC}") = "RealStateApp.Core.Application", "RealStateApp.Core.Application\RealStateApp.Core.Application.csproj", "{491FCA9B-20B1-451A-B3AF-17596643EA16}"
EndProject
Project("{2150E333-8FDC-42A3-9474-1A3956D46DE8}") = "Infrastructure", "Infrastructure", "{7B31B32E-36C4-47CA-8D3F-BE27B40C23AD}"
EndProject
Project("{FAE04EC0-301F-11D3-BF4B-00C04F79EFBC}") = "RealStateApp.Infrastructure.Identity", "RealStateApp.Infrastructure.Identity\RealStateApp.Infrastructure.Identity.csproj", "{90AC506A-B5B1-44F6-874B-12AF83068E73}"
EndProject
Project("{FAE04EC0-301F-11D3-BF4B-00C04F79EFBC}") = "RealStateApp.Infrastructure.Persistence", "RealStateApp.Infrastructure.Persistence\RealStateApp.Infrastructure.Persistence.csproj", "{81EEB658-FE06-41CA-8971-07768DCD1DF9}"
EndProject
Project("{FAE04EC0-301F-11D3-BF4B-00C04F79EFBC}") = "RealStateApp.Infrastructure.Shared", "RealStateApp.Infrastructure.Shared\RealStateApp.Infrastructure.Shared.csproj", "{946920CD-7095-4726-9C08-6F27F502FC79}"
EndProject
Project("{2150E333-8FDC-42A3-9474-1A3956D46DE8}") = "Presentation", "Presentation", "{17B78967-5106-4483-9A04-2365199219EE}"
EndProject
Project("{2150E333-8FDC-42A3-9474-1A3956D46DE8}") = "WebApp", "WebApp", "{25699081-DBE1-422F-8C2F-6AF1B90D6887}"
EndProject
Project("{2150E333-8FDC-42A3-9474-1A3956D46DE8}") = "WebApi", "WebApi", "{459E77BC-D3E3-44D8-89E1-C195F9C41A49}"
EndProject
Project("{FAE04EC0-301F-11D3-BF4B-00C04F79EFBC}") = "WebApp.RealStateApp", "WebApp.RealStateApp\WebApp.RealStateApp.csproj", "{4146EE92-F73E-4032-8341-633D7B472387}"
EndProject
Project("{FAE04EC0-301F-11D3-BF4B-00C04F79EFBC}") = "WebApi.RealStateApp", "WebApi.RealStateApp\WebApi.RealStateApp.csproj", "{07DE18C7-404E-4A86-8301-482BAB1FCF2D}"
EndProject
Global
	GlobalSection(SolutionConfigurationPlatforms) = preSolution
		Debug|Any CPU = Debug|Any CPU
		Release|Any CPU = Release|Any CPU
	EndGlobalSection
	GlobalSection(ProjectConfigurationPlatforms) = postSolution
		{DE49E18E-FF1C-45AE-88D6-8D39F3DA985F}.Debug|Any CPU.ActiveCfg = Debug|Any CPU
		{DE49E18E-FF1C-45AE-88D6-8D39F3DA985F}.Debug|Any CPU.Build.0 = Debug|Any CPU
		{DE49E18E-FF1C-45AE-88D6-8D39F3DA985F}.Release|Any CPU.ActiveCfg = Release|Any CPU
		{DE49E18E-FF1C-45AE-88D6-8D39F3DA985F}.Release|Any CPU.Build.0 = Release|Any CPU
		{491FCA9B-20B1-451A-B3AF-17596643EA16}.Debug|Any CPU.ActiveCfg = Debug|Any CPU
		{491FCA9B-20B1-451A-B3AF-17596643EA16}.Debug|Any CPU.Build.0 = Debug|Any CPU
		{491FCA9B-20B1-451A-B3AF-17596643EA16}.Release|Any CPU.ActiveCfg = Release|Any CPU
		{491FCA9B-20B1-451A-B3AF-17596643EA16}.Release|Any CPU.Build.0 = Release|Any CPU
		{90AC506A-B5B1-44F6-874B-12AF83068E73}.Debug|Any CPU.ActiveCfg = Debug|Any CPU
		{90AC506A-B5B1-44F6-874B-12AF83068E73}.Debug|Any CPU.Build.0 = Debug|Any CPU
		{90AC506A-B5B1-44F6-874B-12AF83068E73}.Release|Any CPU.ActiveCfg = Release|Any CPU
		{90AC506A-B5B1-44F6-874B-12AF83068E73}.Release|Any CPU.Build.0 = Release|Any CPU
		{81EEB658-FE06-41CA-8971-07768DCD1DF9}.Debug|Any CPU.ActiveCfg = Debug|Any CPU
		{81EEB658-FE06-41CA-8971-07768DCD1DF9}.Debug|Any CPU.Build.0 = Debug|Any CPU
		{81EEB658-FE06-41CA-8971-07768DCD1DF9}.Release|Any CPU.ActiveCfg = Release|Any CPU
		{81EEB658-FE06-41CA-8971-07768DCD1DF9}.Release|Any CPU.Build.0 = Release|Any CPU
		{946920CD-7095-4726-9C08-6F27F502FC79}.Debug|Any CPU.ActiveCfg = Debug|Any CPU
		{946920CD-7095-4726-9C08-6F27F502FC79}.Debug|Any CPU.Build.0 = Debug|Any CPU
		{946920CD-7095-4726-9C08-6F27F502FC79}.Release|Any CPU.ActiveCfg = Release|Any CPU
		{946920CD-7095-4726-9C08-6F27F502FC79}.Release|Any CPU.Build.0 = Release|Any CPU
		{4146EE92-F73E-4032-8341-633D7B472387}.Debug|Any CPU.ActiveCfg = Debug|Any CPU
		{4146EE92-F73E-4032-8341-633D7B472387}.Debug|Any CPU.Build.0 = Debug|Any CPU
		{4146EE92-F73E-4032-8341-633D7B472387}.Release|Any CPU.ActiveCfg = Release|Any CPU
		{4146EE92-F73E-4032-8341-633D7B472387}.Release|Any CPU.Build.0 = Release|Any CPU
		{07DE18C7-404E-4A86-8301-482BAB1FCF2D}.Debug|Any CPU.ActiveCfg = Debug|Any CPU
		{07DE18C7-404E-4A86-8301-482BAB1FCF2D}.Debug|Any CPU.Build.0 = Debug|Any CPU
		{07DE18C7-404E-4A86-8301-482BAB1FCF2D}.Release|Any CPU.ActiveCfg = Release|Any CPU
		{07DE18C7-404E-4A86-8301-482BAB1FCF2D}.Release|Any CPU.Build.0 = Release|Any CPU
	EndGlobalSection
	GlobalSection(SolutionProperties) = preSolution
		HideSolutionNode = FALSE
	EndGlobalSection
	GlobalSection(NestedProjects) = preSolution
		{DE49E18E-FF1C-45AE-88D6-8D39F3DA985F} = {CD0ED742-D178-4A78-A882-67582EEF9FA7}
		{CD0ED742-D178-4A78-A882-67582EEF9FA7} = {5CF3DA26-DD7E-4815-9875-8BFEAAE40CF2}
		{491FCA9B-20B1-451A-B3AF-17596643EA16} = {CD0ED742-D178-4A78-A882-67582EEF9FA7}
		{7B31B32E-36C4-47CA-8D3F-BE27B40C23AD} = {5CF3DA26-DD7E-4815-9875-8BFEAAE40CF2}
		{90AC506A-B5B1-44F6-874B-12AF83068E73} = {7B31B32E-36C4-47CA-8D3F-BE27B40C23AD}
		{81EEB658-FE06-41CA-8971-07768DCD1DF9} = {7B31B32E-36C4-47CA-8D3F-BE27B40C23AD}
		{946920CD-7095-4726-9C08-6F27F502FC79} = {7B31B32E-36C4-47CA-8D3F-BE27B40C23AD}
		{17B78967-5106-4483-9A04-2365199219EE} = {5CF3DA26-DD7E-4815-9875-8BFEAAE40CF2}
		{25699081-DBE1-422F-8C2F-6AF1B90D6887} = {17B78967-5106-4483-9A04-2365199219EE}
		{459E77BC-D3E3-44D8-89E1-C195F9C41A49} = {17B78967-5106-4483-9A04-2365199219EE}
		{4146EE92-F73E-4032-8341-633D7B472387} = {25699081-DBE1-422F-8C2F-6AF1B90D6887}
		{07DE18C7-404E-4A86-8301-482BAB1FCF2D} = {459E77BC-D3E3-44D8-89E1-C195F9C41A49}
	EndGlobalSection
	GlobalSection(ExtensibilityGlobals) = postSolution
		SolutionGuid = {6B080395-2692-4507-B613-4DDB4AF400A2}
	EndGlobalSection
EndGlobal
